
Microsoft Visual Studio Solution File, Format Version 12.00
# Visual Studio Version 16
VisualStudioVersion = 16.0.31205.134
MinimumVisualStudioVersion = 10.0.40219.1
Project("{8BC9CEB8-8B4A-11D0-8D11-00A0C91BC942}") = "Controlled", "Controlled\Controlled.vcxproj", "{5A4B7480-4492-454E-80E1-35EA41979234}"
EndProject
Global
	GlobalSection(SolutionConfigurationPlatforms) = preSolution
		Debug|x64 = Debug|x64
		Release|x64 = Release|x64
	EndGlobalSection
	GlobalSection(ProjectConfigurationPlatforms) = postSolution
		{5A4B7480-4492-454E-80E1-35EA41979234}.Debug|x64.ActiveCfg = Debug|x64
		{5A4B7480-4492-454E-80E1-35EA41979234}.Debug|x64.Build.0 = Debug|x64
		{5A4B7480-4492-454E-80E1-35EA41979234}.Release|x64.ActiveCfg = Release|x64
		{5A4B7480-4492-454E-80E1-35EA41979234}.Release|x64.Build.0 = Release|x64
	EndGlobalSection
	GlobalSection(SolutionProperties) = preSolution
		HideSolutionNode = FALSE
	EndGlobalSection
	GlobalSection(ExtensibilityGlobals) = postSolution
		SolutionGuid = {13B29852-3F58-412C-87F4-103D35161EAC}
	EndGlobalSection
EndGlobal
